// !$*UTF8*$!
{
	archiveVersion = 1;
	classes = {
	};
	objectVersion = 56;
	objects = {

/* Begin PBXBuildFile section */
		6CEEF0D12B0010180001270E /* AppDelegate.swift in Sources */ = {isa = PBXBuildFile; fileRef = 6CEEF0D02B0010180001270E /* AppDelegate.swift */; };
		6CEEF0D32B0010180001270E /* SceneDelegate.swift in Sources */ = {isa = PBXBuildFile; fileRef = 6CEEF0D22B0010180001270E /* SceneDelegate.swift */; };
		6CEEF0D52B0010180001270E /* ViewController.swift in Sources */ = {isa = PBXBuildFile; fileRef = 6CEEF0D42B0010180001270E /* ViewController.swift */; };
		6CEEF0D82B0010180001270E /* Main.storyboard in Resources */ = {isa = PBXBuildFile; fileRef = 6CEEF0D62B0010180001270E /* Main.storyboard */; };
		6CEEF0DA2B00101A0001270E /* Assets.xcassets in Resources */ = {isa = PBXBuildFile; fileRef = 6CEEF0D92B00101A0001270E /* Assets.xcassets */; };
		6CEEF0DD2B00101A0001270E /* LaunchScreen.storyboard in Resources */ = {isa = PBXBuildFile; fileRef = 6CEEF0DB2B00101A0001270E /* LaunchScreen.storyboard */; };
		6CEEF0E82B00101A0001270E /* TicTacToeGameTests.swift in Sources */ = {isa = PBXBuildFile; fileRef = 6CEEF0E72B00101A0001270E /* TicTacToeGameTests.swift */; };
		6CEEF0F22B00101A0001270E /* TicTacToeGameUITests.swift in Sources */ = {isa = PBXBuildFile; fileRef = 6CEEF0F12B00101A0001270E /* TicTacToeGameUITests.swift */; };
		6CEEF0F42B00101A0001270E /* TicTacToeGameUITestsLaunchTests.swift in Sources */ = {isa = PBXBuildFile; fileRef = 6CEEF0F32B00101A0001270E /* TicTacToeGameUITestsLaunchTests.swift */; };
/* End PBXBuildFile section */

/* Begin PBXContainerItemProxy section */
		6CEEF0E42B00101A0001270E /* PBXContainerItemProxy */ = {
			isa = PBXContainerItemProxy;
			containerPortal = 6CEEF0C52B0010180001270E /* Project object */;
			proxyType = 1;
			remoteGlobalIDString = 6CEEF0CC2B0010180001270E;
			remoteInfo = TicTacToeGame;
		};
		6CEEF0EE2B00101A0001270E /* PBXContainerItemProxy */ = {
			isa = PBXContainerItemProxy;
			containerPortal = 6CEEF0C52B0010180001270E /* Project object */;
			proxyType = 1;
			remoteGlobalIDString = 6CEEF0CC2B0010180001270E;
			remoteInfo = TicTacToeGame;
		};
/* End PBXContainerItemProxy section */

/* Begin PBXFileReference section */
		6CEEF0CD2B0010180001270E /* TicTacToeGame.app */ = {isa = PBXFileReference; explicitFileType = wrapper.application; includeInIndex = 0; path = TicTacToeGame.app; sourceTree = BUILT_PRODUCTS_DIR; };
		6CEEF0D02B0010180001270E /* AppDelegate.swift */ = {isa = PBXFileReference; lastKnownFileType = sourcecode.swift; path = AppDelegate.swift; sourceTree = "<group>"; };
		6CEEF0D22B0010180001270E /* SceneDelegate.swift */ = {isa = PBXFileReference; lastKnownFileType = sourcecode.swift; path = SceneDelegate.swift; sourceTree = "<group>"; };
		6CEEF0D42B0010180001270E /* ViewController.swift */ = {isa = PBXFileReference; lastKnownFileType = sourcecode.swift; path = ViewController.swift; sourceTree = "<group>"; };
		6CEEF0D72B0010180001270E /* Base */ = {isa = PBXFileReference; lastKnownFileType = file.storyboard; name = Base; path = Base.lproj/Main.storyboard; sourceTree = "<group>"; };
		6CEEF0D92B00101A0001270E /* Assets.xcassets */ = {isa = PBXFileReference; lastKnownFileType = folder.assetcatalog; path = Assets.xcassets; sourceTree = "<group>"; };
		6CEEF0DC2B00101A0001270E /* Base */ = {isa = PBXFileReference; lastKnownFileType = file.storyboard; name = Base; path = Base.lproj/LaunchScreen.storyboard; sourceTree = "<group>"; };
		6CEEF0DE2B00101A0001270E /* Info.plist */ = {isa = PBXFileReference; lastKnownFileType = text.plist.xml; path = Info.plist; sourceTree = "<group>"; };
		6CEEF0E32B00101A0001270E /* TicTacToeGameTests.xctest */ = {isa = PBXFileReference; explicitFileType = wrapper.cfbundle; includeInIndex = 0; path = TicTacToeGameTests.xctest; sourceTree = BUILT_PRODUCTS_DIR; };
		6CEEF0E72B00101A0001270E /* TicTacToeGameTests.swift */ = {isa = PBXFileReference; lastKnownFileType = sourcecode.swift; path = TicTacToeGameTests.swift; sourceTree = "<group>"; };
		6CEEF0ED2B00101A0001270E /* TicTacToeGameUITests.xctest */ = {isa = PBXFileReference; explicitFileType = wrapper.cfbundle; includeInIndex = 0; path = TicTacToeGameUITests.xctest; sourceTree = BUILT_PRODUCTS_DIR; };
		6CEEF0F12B00101A0001270E /* TicTacToeGameUITests.swift */ = {isa = PBXFileReference; lastKnownFileType = sourcecode.swift; path = TicTacToeGameUITests.swift; sourceTree = "<group>"; };
		6CEEF0F32B00101A0001270E /* TicTacToeGameUITestsLaunchTests.swift */ = {isa = PBXFileReference; lastKnownFileType = sourcecode.swift; path = TicTacToeGameUITestsLaunchTests.swift; sourceTree = "<group>"; };
/* End PBXFileReference section */

/* Begin PBXFrameworksBuildPhase section */
		6CEEF0CA2B0010180001270E /* Frameworks */ = {
			isa = PBXFrameworksBuildPhase;
			buildActionMask = 2147483647;
			files = (
			);
			runOnlyForDeploymentPostprocessing = 0;
		};
		6CEEF0E02B00101A0001270E /* Frameworks */ = {
			isa = PBXFrameworksBuildPhase;
			buildActionMask = 2147483647;
			files = (
			);
			runOnlyForDeploymentPostprocessing = 0;
		};
		6CEEF0EA2B00101A0001270E /* Frameworks */ = {
			isa = PBXFrameworksBuildPhase;
			buildActionMask = 2147483647;
			files = (
			);
			runOnlyForDeploymentPostprocessing = 0;
		};
/* End PBXFrameworksBuildPhase section */

/* Begin PBXGroup section */
		6CEEF0C42B0010180001270E = {
			isa = PBXGroup;
			children = (
				6CEEF0CF2B0010180001270E /* TicTacToeGame */,
				6CEEF0E62B00101A0001270E /* TicTacToeGameTests */,
				6CEEF0F02B00101A0001270E /* TicTacToeGameUITests */,
				6CEEF0CE2B0010180001270E /* Products */,
			);
			sourceTree = "<group>";
		};
		6CEEF0CE2B0010180001270E /* Products */ = {
			isa = PBXGroup;
			children = (
				6CEEF0CD2B0010180001270E /* TicTacToeGame.app */,
				6CEEF0E32B00101A0001270E /* TicTacToeGameTests.xctest */,
				6CEEF0ED2B00101A0001270E /* TicTacToeGameUITests.xctest */,
			);
			name = Products;
			sourceTree = "<group>";
		};
		6CEEF0CF2B0010180001270E /* TicTacToeGame */ = {
			isa = PBXGroup;
			children = (
				6CEEF0D02B0010180001270E /* AppDelegate.swift */,
				6CEEF0D22B0010180001270E /* SceneDelegate.swift */,
				6CEEF0D42B0010180001270E /* ViewController.swift */,
				6CEEF0D62B0010180001270E /* Main.storyboard */,
				6CEEF0D92B00101A0001270E /* Assets.xcassets */,
				6CEEF0DB2B00101A0001270E /* LaunchScreen.storyboard */,
				6CEEF0DE2B00101A0001270E /* Info.plist */,
			);
			path = TicTacToeGame;
			sourceTree = "<group>";
		};
		6CEEF0E62B00101A0001270E /* TicTacToeGameTests */ = {
			isa = PBXGroup;
			children = (
				6CEEF0E72B00101A0001270E /* TicTacToeGameTests.swift */,
			);
			path = TicTacToeGameTests;
			sourceTree = "<group>";
		};
		6CEEF0F02B00101A0001270E /* TicTacToeGameUITests */ = {
			isa = PBXGroup;
			children = (
				6CEEF0F12B00101A0001270E /* TicTacToeGameUITests.swift */,
				6CEEF0F32B00101A0001270E /* TicTacToeGameUITestsLaunchTests.swift */,
			);
			path = TicTacToeGameUITests;
			sourceTree = "<group>";
		};
/* End PBXGroup section */

/* Begin PBXNativeTarget section */
		6CEEF0CC2B0010180001270E /* TicTacToeGame */ = {
			isa = PBXNativeTarget;
			buildConfigurationList = 6CEEF0F72B00101A0001270E /* Build configuration list for PBXNativeTarget "TicTacToeGame" */;
			buildPhases = (
				6CEEF0C92B0010180001270E /* Sources */,
				6CEEF0CA2B0010180001270E /* Frameworks */,
				6CEEF0CB2B0010180001270E /* Resources */,
			);
			buildRules = (
			);
			dependencies = (
			);
			name = TicTacToeGame;
			productName = TicTacToeGame;
			productReference = 6CEEF0CD2B0010180001270E /* TicTacToeGame.app */;
			productType = "com.apple.product-type.application";
		};
		6CEEF0E22B00101A0001270E /* TicTacToeGameTests */ = {
			isa = PBXNativeTarget;
			buildConfigurationList = 6CEEF0FA2B00101A0001270E /* Build configuration list for PBXNativeTarget "TicTacToeGameTests" */;
			buildPhases = (
				6CEEF0DF2B00101A0001270E /* Sources */,
				6CEEF0E02B00101A0001270E /* Frameworks */,
				6CEEF0E12B00101A0001270E /* Resources */,
			);
			buildRules = (
			);
			dependencies = (
				6CEEF0E52B00101A0001270E /* PBXTargetDependency */,
			);
			name = TicTacToeGameTests;
			productName = TicTacToeGameTests;
			productReference = 6CEEF0E32B00101A0001270E /* TicTacToeGameTests.xctest */;
			productType = "com.apple.product-type.bundle.unit-test";
		};
		6CEEF0EC2B00101A0001270E /* TicTacToeGameUITests */ = {
			isa = PBXNativeTarget;
			buildConfigurationList = 6CEEF0FD2B00101A0001270E /* Build configuration list for PBXNativeTarget "TicTacToeGameUITests" */;
			buildPhases = (
				6CEEF0E92B00101A0001270E /* Sources */,
				6CEEF0EA2B00101A0001270E /* Frameworks */,
				6CEEF0EB2B00101A0001270E /* Resources */,
			);
			buildRules = (
			);
			dependencies = (
				6CEEF0EF2B00101A0001270E /* PBXTargetDependency */,
			);
			name = TicTacToeGameUITests;
			productName = TicTacToeGameUITests;
			productReference = 6CEEF0ED2B00101A0001270E /* TicTacToeGameUITests.xctest */;
			productType = "com.apple.product-type.bundle.ui-testing";
		};
/* End PBXNativeTarget section */

/* Begin PBXProject section */
		6CEEF0C52B0010180001270E /* Project object */ = {
			isa = PBXProject;
			attributes = {
				BuildIndependentTargetsInParallel = 1;
				LastSwiftUpdateCheck = 1500;
				LastUpgradeCheck = 1500;
				TargetAttributes = {
					6CEEF0CC2B0010180001270E = {
						CreatedOnToolsVersion = 15.0;
					};
					6CEEF0E22B00101A0001270E = {
						CreatedOnToolsVersion = 15.0;
						TestTargetID = 6CEEF0CC2B0010180001270E;
					};
					6CEEF0EC2B00101A0001270E = {
						CreatedOnToolsVersion = 15.0;
						TestTargetID = 6CEEF0CC2B0010180001270E;
					};
				};
			};
			buildConfigurationList = 6CEEF0C82B0010180001270E /* Build configuration list for PBXProject "TicTacToeGame" */;
			compatibilityVersion = "Xcode 14.0";
			developmentRegion = en;
			hasScannedForEncodings = 0;
			knownRegions = (
				en,
				Base,
			);
			mainGroup = 6CEEF0C42B0010180001270E;
			productRefGroup = 6CEEF0CE2B0010180001270E /* Products */;
			projectDirPath = "";
			projectRoot = "";
			targets = (
				6CEEF0CC2B0010180001270E /* TicTacToeGame */,
				6CEEF0E22B00101A0001270E /* TicTacToeGameTests */,
				6CEEF0EC2B00101A0001270E /* TicTacToeGameUITests */,
			);
		};
/* End PBXProject section */

/* Begin PBXResourcesBuildPhase section */
		6CEEF0CB2B0010180001270E /* Resources */ = {
			isa = PBXResourcesBuildPhase;
			buildActionMask = 2147483647;
			files = (
				6CEEF0DD2B00101A0001270E /* LaunchScreen.storyboard in Resources */,
				6CEEF0DA2B00101A0001270E /* Assets.xcassets in Resources */,
				6CEEF0D82B0010180001270E /* Main.storyboard in Resources */,
			);
			runOnlyForDeploymentPostprocessing = 0;
		};
		6CEEF0E12B00101A0001270E /* Resources */ = {
			isa = PBXResourcesBuildPhase;
			buildActionMask = 2147483647;
			files = (
			);
			runOnlyForDeploymentPostprocessing = 0;
		};
		6CEEF0EB2B00101A0001270E /* Resources */ = {
			isa = PBXResourcesBuildPhase;
			buildActionMask = 2147483647;
			files = (
			);
			runOnlyForDeploymentPostprocessing = 0;
		};
/* End PBXResourcesBuildPhase section */

/* Begin PBXSourcesBuildPhase section */
		6CEEF0C92B0010180001270E /* Sources */ = {
			isa = PBXSourcesBuildPhase;
			buildActionMask = 2147483647;
			files = (
				6CEEF0D52B0010180001270E /* ViewController.swift in Sources */,
				6CEEF0D12B0010180001270E /* AppDelegate.swift in Sources */,
				6CEEF0D32B0010180001270E /* SceneDelegate.swift in Sources */,
			);
			runOnlyForDeploymentPostprocessing = 0;
		};
		6CEEF0DF2B00101A0001270E /* Sources */ = {
			isa = PBXSourcesBuildPhase;
			buildActionMask = 2147483647;
			files = (
				6CEEF0E82B00101A0001270E /* TicTacToeGameTests.swift in Sources */,
			);
			runOnlyForDeploymentPostprocessing = 0;
		};
		6CEEF0E92B00101A0001270E /* Sources */ = {
			isa = PBXSourcesBuildPhase;
			buildActionMask = 2147483647;
			files = (
				6CEEF0F22B00101A0001270E /* TicTacToeGameUITests.swift in Sources */,
				6CEEF0F42B00101A0001270E /* TicTacToeGameUITestsLaunchTests.swift in Sources */,
			);
			runOnlyForDeploymentPostprocessing = 0;
		};
/* End PBXSourcesBuildPhase section */

/* Begin PBXTargetDependency section */
		6CEEF0E52B00101A0001270E /* PBXTargetDependency */ = {
			isa = PBXTargetDependency;
			target = 6CEEF0CC2B0010180001270E /* TicTacToeGame */;
			targetProxy = 6CEEF0E42B00101A0001270E /* PBXContainerItemProxy */;
		};
		6CEEF0EF2B00101A0001270E /* PBXTargetDependency */ = {
			isa = PBXTargetDependency;
			target = 6CEEF0CC2B0010180001270E /* TicTacToeGame */;
			targetProxy = 6CEEF0EE2B00101A0001270E /* PBXContainerItemProxy */;
		};
/* End PBXTargetDependency section */

/* Begin PBXVariantGroup section */
		6CEEF0D62B0010180001270E /* Main.storyboard */ = {
			isa = PBXVariantGroup;
			children = (
				6CEEF0D72B0010180001270E /* Base */,
			);
			name = Main.storyboard;
			sourceTree = "<group>";
		};
		6CEEF0DB2B00101A0001270E /* LaunchScreen.storyboard */ = {
			isa = PBXVariantGroup;
			children = (
				6CEEF0DC2B00101A0001270E /* Base */,
			);
			name = LaunchScreen.storyboard;
			sourceTree = "<group>";
		};
/* End PBXVariantGroup section */

/* Begin XCBuildConfiguration section */
		6CEEF0F52B00101A0001270E /* Debug */ = {
			isa = XCBuildConfiguration;
			buildSettings = {
				ALWAYS_SEARCH_USER_PATHS = NO;
				ASSETCATALOG_COMPILER_GENERATE_SWIFT_ASSET_SYMBOL_EXTENSIONS = YES;
				CLANG_ANALYZER_NONNULL = YES;
				CLANG_ANALYZER_NUMBER_OBJECT_CONVERSION = YES_AGGRESSIVE;
				CLANG_CXX_LANGUAGE_STANDARD = "gnu++20";
				CLANG_ENABLE_MODULES = YES;
				CLANG_ENABLE_OBJC_ARC = YES;
				CLANG_ENABLE_OBJC_WEAK = YES;
				CLANG_WARN_BLOCK_CAPTURE_AUTORELEASING = YES;
				CLANG_WARN_BOOL_CONVERSION = YES;
				CLANG_WARN_COMMA = YES;
				CLANG_WARN_CONSTANT_CONVERSION = YES;
				CLANG_WARN_DEPRECATED_OBJC_IMPLEMENTATIONS = YES;
				CLANG_WARN_DIRECT_OBJC_ISA_USAGE = YES_ERROR;
				CLANG_WARN_DOCUMENTATION_COMMENTS = YES;
				CLANG_WARN_EMPTY_BODY = YES;
				CLANG_WARN_ENUM_CONVERSION = YES;
				CLANG_WARN_INFINITE_RECURSION = YES;
				CLANG_WARN_INT_CONVERSION = YES;
				CLANG_WARN_NON_LITERAL_NULL_CONVERSION = YES;
				CLANG_WARN_OBJC_IMPLICIT_RETAIN_SELF = YES;
				CLANG_WARN_OBJC_LITERAL_CONVERSION = YES;
				CLANG_WARN_OBJC_ROOT_CLASS = YES_ERROR;
				CLANG_WARN_QUOTED_INCLUDE_IN_FRAMEWORK_HEADER = YES;
				CLANG_WARN_RANGE_LOOP_ANALYSIS = YES;
				CLANG_WARN_STRICT_PROTOTYPES = YES;
				CLANG_WARN_SUSPICIOUS_MOVE = YES;
				CLANG_WARN_UNGUARDED_AVAILABILITY = YES_AGGRESSIVE;
				CLANG_WARN_UNREACHABLE_CODE = YES;
				CLANG_WARN__DUPLICATE_METHOD_MATCH = YES;
				COPY_PHASE_STRIP = NO;
				DEBUG_INFORMATION_FORMAT = dwarf;
				ENABLE_STRICT_OBJC_MSGSEND = YES;
				ENABLE_TESTABILITY = YES;
				ENABLE_USER_SCRIPT_SANDBOXING = YES;
				GCC_C_LANGUAGE_STANDARD = gnu17;
				GCC_DYNAMIC_NO_PIC = NO;
				GCC_NO_COMMON_BLOCKS = YES;
				GCC_OPTIMIZATION_LEVEL = 0;
				GCC_PREPROCESSOR_DEFINITIONS = (
					"DEBUG=1",
					"$(inherited)",
				);
				GCC_WARN_64_TO_32_BIT_CONVERSION = YES;
				GCC_WARN_ABOUT_RETURN_TYPE = YES_ERROR;
				GCC_WARN_UNDECLARED_SELECTOR = YES;
				GCC_WARN_UNINITIALIZED_AUTOS = YES_AGGRESSIVE;
				GCC_WARN_UNUSED_FUNCTION = YES;
				GCC_WARN_UNUSED_VARIABLE = YES;
				IPHONEOS_DEPLOYMENT_TARGET = 17.0;
				LOCALIZATION_PREFERS_STRING_CATALOGS = YES;
				MTL_ENABLE_DEBUG_INFO = INCLUDE_SOURCE;
				MTL_FAST_MATH = YES;
				ONLY_ACTIVE_ARCH = YES;
				SDKROOT = iphoneos;
				SWIFT_ACTIVE_COMPILATION_CONDITIONS = "DEBUG $(inherited)";
				SWIFT_OPTIMIZATION_LEVEL = "-Onone";
			};
			name = Debug;
		};
		6CEEF0F62B00101A0001270E /* Release */ = {
			isa = XCBuildConfiguration;
			buildSettings = {
				ALWAYS_SEARCH_USER_PATHS = NO;
				ASSETCATALOG_COMPILER_GENERATE_SWIFT_ASSET_SYMBOL_EXTENSIONS = YES;
				CLANG_ANALYZER_NONNULL = YES;
				CLANG_ANALYZER_NUMBER_OBJECT_CONVERSION = YES_AGGRESSIVE;
				CLANG_CXX_LANGUAGE_STANDARD = "gnu++20";
				CLANG_ENABLE_MODULES = YES;
				CLANG_ENABLE_OBJC_ARC = YES;
				CLANG_ENABLE_OBJC_WEAK = YES;
				CLANG_WARN_BLOCK_CAPTURE_AUTORELEASING = YES;
				CLANG_WARN_BOOL_CONVERSION = YES;
				CLANG_WARN_COMMA = YES;
				CLANG_WARN_CONSTANT_CONVERSION = YES;
				CLANG_WARN_DEPRECATED_OBJC_IMPLEMENTATIONS = YES;
				CLANG_WARN_DIRECT_OBJC_ISA_USAGE = YES_ERROR;
				CLANG_WARN_DOCUMENTATION_COMMENTS = YES;
				CLANG_WARN_EMPTY_BODY = YES;
				CLANG_WARN_ENUM_CONVERSION = YES;
				CLANG_WARN_INFINITE_RECURSION = YES;
				CLANG_WARN_INT_CONVERSION = YES;
				CLANG_WARN_NON_LITERAL_NULL_CONVERSION = YES;
				CLANG_WARN_OBJC_IMPLICIT_RETAIN_SELF = YES;
				CLANG_WARN_OBJC_LITERAL_CONVERSION = YES;
				CLANG_WARN_OBJC_ROOT_CLASS = YES_ERROR;
				CLANG_WARN_QUOTED_INCLUDE_IN_FRAMEWORK_HEADER = YES;
				CLANG_WARN_RANGE_LOOP_ANALYSIS = YES;
				CLANG_WARN_STRICT_PROTOTYPES = YES;
				CLANG_WARN_SUSPICIOUS_MOVE = YES;
				CLANG_WARN_UNGUARDED_AVAILABILITY = YES_AGGRESSIVE;
				CLANG_WARN_UNREACHABLE_CODE = YES;
				CLANG_WARN__DUPLICATE_METHOD_MATCH = YES;
				COPY_PHASE_STRIP = NO;
				DEBUG_INFORMATION_FORMAT = "dwarf-with-dsym";
				ENABLE_NS_ASSERTIONS = NO;
				ENABLE_STRICT_OBJC_MSGSEND = YES;
				ENABLE_USER_SCRIPT_SANDBOXING = YES;
				GCC_C_LANGUAGE_STANDARD = gnu17;
				GCC_NO_COMMON_BLOCKS = YES;
				GCC_WARN_64_TO_32_BIT_CONVERSION = YES;
				GCC_WARN_ABOUT_RETURN_TYPE = YES_ERROR;
				GCC_WARN_UNDECLARED_SELECTOR = YES;
				GCC_WARN_UNINITIALIZED_AUTOS = YES_AGGRESSIVE;
				GCC_WARN_UNUSED_FUNCTION = YES;
				GCC_WARN_UNUSED_VARIABLE = YES;
				IPHONEOS_DEPLOYMENT_TARGET = 17.0;
				LOCALIZATION_PREFERS_STRING_CATALOGS = YES;
				MTL_ENABLE_DEBUG_INFO = NO;
				MTL_FAST_MATH = YES;
				SDKROOT = iphoneos;
				SWIFT_COMPILATION_MODE = wholemodule;
				VALIDATE_PRODUCT = YES;
			};
			name = Release;
		};
		6CEEF0F82B00101A0001270E /* Debug */ = {
			isa = XCBuildConfiguration;
			buildSettings = {
				ASSETCATALOG_COMPILER_APPICON_NAME = AppIcon;
				ASSETCATALOG_COMPILER_GLOBAL_ACCENT_COLOR_NAME = AccentColor;
				CODE_SIGN_STYLE = Automatic;
				CURRENT_PROJECT_VERSION = 1;
				DEVELOPMENT_TEAM = SB7RQACSLB;
				GENERATE_INFOPLIST_FILE = YES;
				INFOPLIST_FILE = TicTacToeGame/Info.plist;
				INFOPLIST_KEY_UIApplicationSupportsIndirectInputEvents = YES;
				INFOPLIST_KEY_UILaunchStoryboardName = LaunchScreen;
				INFOPLIST_KEY_UIMainStoryboardFile = Main;
				INFOPLIST_KEY_UISupportedInterfaceOrientations_iPad = "UIInterfaceOrientationPortrait UIInterfaceOrientationPortraitUpsideDown UIInterfaceOrientationLandscapeLeft UIInterfaceOrientationLandscapeRight";
				INFOPLIST_KEY_UISupportedInterfaceOrientations_iPhone = "UIInterfaceOrientationPortrait UIInterfaceOrientationLandscapeLeft UIInterfaceOrientationLandscapeRight";
				LD_RUNPATH_SEARCH_PATHS = (
					"$(inherited)",
					"@executable_path/Frameworks",
				);
				MARKETING_VERSION = 1.0;
				PRODUCT_BUNDLE_IDENTIFIER = mr.stjuste.TicTacToeGame;
				PRODUCT_NAME = "$(TARGET_NAME)";
				SWIFT_EMIT_LOC_STRINGS = YES;
				SWIFT_VERSION = 5.0;
				TARGETED_DEVICE_FAMILY = "1,2";
			};
			name = Debug;
		};
		6CEEF0F92B00101A0001270E /* Release */ = {
			isa = XCBuildConfiguration;
			buildSettings = {
				ASSETCATALOG_COMPILER_APPICON_NAME = AppIcon;
				ASSETCATALOG_COMPILER_GLOBAL_ACCENT_COLOR_NAME = AccentColor;
				CODE_SIGN_STYLE = Automatic;
				CURRENT_PROJECT_VERSION = 1;
				DEVELOPMENT_TEAM = SB7RQACSLB;
				GENERATE_INFOPLIST_FILE = YES;
				INFOPLIST_FILE = TicTacToeGame/Info.plist;
				INFOPLIST_KEY_UIApplicationSupportsIndirectInputEvents = YES;
				INFOPLIST_KEY_UILaunchStoryboardName = LaunchScreen;
				INFOPLIST_KEY_UIMainStoryboardFile = Main;
				INFOPLIST_KEY_UISupportedInterfaceOrientations_iPad = "UIInterfaceOrientationPortrait UIInterfaceOrientationPortraitUpsideDown UIInterfaceOrientationLandscapeLeft UIInterfaceOrientationLandscapeRight";
				INFOPLIST_KEY_UISupportedInterfaceOrientations_iPhone = "UIInterfaceOrientationPortrait UIInterfaceOrientationLandscapeLeft UIInterfaceOrientationLandscapeRight";
				LD_RUNPATH_SEARCH_PATHS = (
					"$(inherited)",
					"@executable_path/Frameworks",
				);
				MARKETING_VERSION = 1.0;
				PRODUCT_BUNDLE_IDENTIFIER = mr.stjuste.TicTacToeGame;
				PRODUCT_NAME = "$(TARGET_NAME)";
				SWIFT_EMIT_LOC_STRINGS = YES;
				SWIFT_VERSION = 5.0;
				TARGETED_DEVICE_FAMILY = "1,2";
			};
			name = Release;
		};
		6CEEF0FB2B00101A0001270E /* Debug */ = {
			isa = XCBuildConfiguration;
			buildSettings = {
				ALWAYS_EMBED_SWIFT_STANDARD_LIBRARIES = YES;
				BUNDLE_LOADER = "$(TEST_HOST)";
				CODE_SIGN_STYLE = Automatic;
				CURRENT_PROJECT_VERSION = 1;
				DEVELOPMENT_TEAM = SB7RQACSLB;
				GENERATE_INFOPLIST_FILE = YES;
				IPHONEOS_DEPLOYMENT_TARGET = 17.0;
				MARKETING_VERSION = 1.0;
				PRODUCT_BUNDLE_IDENTIFIER = mr.stjuste.TicTacToeGameTests;
				PRODUCT_NAME = "$(TARGET_NAME)";
				SWIFT_EMIT_LOC_STRINGS = NO;
				SWIFT_VERSION = 5.0;
				TARGETED_DEVICE_FAMILY = "1,2";
				TEST_HOST = "$(BUILT_PRODUCTS_DIR)/TicTacToeGame.app/$(BUNDLE_EXECUTABLE_FOLDER_PATH)/TicTacToeGame";
			};
			name = Debug;
		};
		6CEEF0FC2B00101A0001270E /* Release */ = {
			isa = XCBuildConfiguration;
			buildSettings = {
				ALWAYS_EMBED_SWIFT_STANDARD_LIBRARIES = YES;
				BUNDLE_LOADER = "$(TEST_HOST)";
				CODE_SIGN_STYLE = Automatic;
				CURRENT_PROJECT_VERSION = 1;
				DEVELOPMENT_TEAM = SB7RQACSLB;
				GENERATE_INFOPLIST_FILE = YES;
				IPHONEOS_DEPLOYMENT_TARGET = 17.0;
				MARKETING_VERSION = 1.0;
				PRODUCT_BUNDLE_IDENTIFIER = mr.stjuste.TicTacToeGameTests;
				PRODUCT_NAME = "$(TARGET_NAME)";
				SWIFT_EMIT_LOC_STRINGS = NO;
				SWIFT_VERSION = 5.0;
				TARGETED_DEVICE_FAMILY = "1,2";
				TEST_HOST = "$(BUILT_PRODUCTS_DIR)/TicTacToeGame.app/$(BUNDLE_EXECUTABLE_FOLDER_PATH)/TicTacToeGame";
			};
			name = Release;
		};
		6CEEF0FE2B00101A0001270E /* Debug */ = {
			isa = XCBuildConfiguration;
			buildSettings = {
				ALWAYS_EMBED_SWIFT_STANDARD_LIBRARIES = YES;
				CODE_SIGN_STYLE = Automatic;
				CURRENT_PROJECT_VERSION = 1;
				DEVELOPMENT_TEAM = SB7RQACSLB;
				GENERATE_INFOPLIST_FILE = YES;
				MARKETING_VERSION = 1.0;
				PRODUCT_BUNDLE_IDENTIFIER = mr.stjuste.TicTacToeGameUITests;
				PRODUCT_NAME = "$(TARGET_NAME)";
				SWIFT_EMIT_LOC_STRINGS = NO;
				SWIFT_VERSION = 5.0;
				TARGETED_DEVICE_FAMILY = "1,2";
				TEST_TARGET_NAME = TicTacToeGame;
			};
			name = Debug;
		};
		6CEEF0FF2B00101A0001270E /* Release */ = {
			isa = XCBuildConfiguration;
			buildSettings = {
				ALWAYS_EMBED_SWIFT_STANDARD_LIBRARIES = YES;
				CODE_SIGN_STYLE = Automatic;
				CURRENT_PROJECT_VERSION = 1;
				DEVELOPMENT_TEAM = SB7RQACSLB;
				GENERATE_INFOPLIST_FILE = YES;
				MARKETING_VERSION = 1.0;
				PRODUCT_BUNDLE_IDENTIFIER = mr.stjuste.TicTacToeGameUITests;
				PRODUCT_NAME = "$(TARGET_NAME)";
				SWIFT_EMIT_LOC_STRINGS = NO;
				SWIFT_VERSION = 5.0;
				TARGETED_DEVICE_FAMILY = "1,2";
				TEST_TARGET_NAME = TicTacToeGame;
			};
			name = Release;
		};
/* End XCBuildConfiguration section */

/* Begin XCConfigurationList section */
		6CEEF0C82B0010180001270E /* Build configuration list for PBXProject "TicTacToeGame" */ = {
			isa = XCConfigurationList;
			buildConfigurations = (
				6CEEF0F52B00101A0001270E /* Debug */,
				6CEEF0F62B00101A0001270E /* Release */,
			);
			defaultConfigurationIsVisible = 0;
			defaultConfigurationName = Release;
		};
		6CEEF0F72B00101A0001270E /* Build configuration list for PBXNativeTarget "TicTacToeGame" */ = {
			isa = XCConfigurationList;
			buildConfigurations = (
				6CEEF0F82B00101A0001270E /* Debug */,
				6CEEF0F92B00101A0001270E /* Release */,
			);
			defaultConfigurationIsVisible = 0;
			defaultConfigurationName = Release;
		};
		6CEEF0FA2B00101A0001270E /* Build configuration list for PBXNativeTarget "TicTacToeGameTests" */ = {
			isa = XCConfigurationList;
			buildConfigurations = (
				6CEEF0FB2B00101A0001270E /* Debug */,
				6CEEF0FC2B00101A0001270E /* Release */,
			);
			defaultConfigurationIsVisible = 0;
			defaultConfigurationName = Release;
		};
		6CEEF0FD2B00101A0001270E /* Build configuration list for PBXNativeTarget "TicTacToeGameUITests" */ = {
			isa = XCConfigurationList;
			buildConfigurations = (
				6CEEF0FE2B00101A0001270E /* Debug */,
				6CEEF0FF2B00101A0001270E /* Release */,
			);
			defaultConfigurationIsVisible = 0;
			defaultConfigurationName = Release;
		};
/* End XCConfigurationList section */
	};
	rootObject = 6CEEF0C52B0010180001270E /* Project object */;
}
